
Microsoft Visual Studio Solution File, Format Version 12.00
# Visual Studio Version 16
VisualStudioVersion = 16.0.29102.190
MinimumVisualStudioVersion = 10.0.40219.1
Project("{9A19103F-16F7-4668-BE54-9A1E7A4F7556}") = "mode-choice", "main-menu\mode-choice.csproj", "{8095A653-A326-4D1C-85BD-82D394E78B22}"
EndProject
Global
	GlobalSection(SolutionConfigurationPlatforms) = preSolution
		Debug|Any CPU = Debug|Any CPU
		Release|Any CPU = Release|Any CPU
	EndGlobalSection
	GlobalSection(ProjectConfigurationPlatforms) = postSolution
		{8095A653-A326-4D1C-85BD-82D394E78B22}.Debug|Any CPU.ActiveCfg = Debug|Any CPU
		{8095A653-A326-4D1C-85BD-82D394E78B22}.Debug|Any CPU.Build.0 = Debug|Any CPU
		{8095A653-A326-4D1C-85BD-82D394E78B22}.Release|Any CPU.ActiveCfg = Release|Any CPU
		{8095A653-A326-4D1C-85BD-82D394E78B22}.Release|Any CPU.Build.0 = Release|Any CPU
	EndGlobalSection
	GlobalSection(SolutionProperties) = preSolution
		HideSolutionNode = FALSE
	EndGlobalSection
	GlobalSection(ExtensibilityGlobals) = postSolution
		SolutionGuid = {DA1BE7E7-EF09-4F95-915B-FDF0B7CB0DBD}
	EndGlobalSection
EndGlobal
