
Microsoft Visual Studio Solution File, Format Version 12.00
# Visual Studio Version 16
VisualStudioVersion = 16.0.29102.190
MinimumVisualStudioVersion = 10.0.40219.1
Project("{FAE04EC0-301F-11D3-BF4B-00C04F79EFBC}") = "feature-bonus", "feature-bonus\feature-bonus.csproj", "{57D37BE8-CEFF-4F89-B49A-0EB7B06E0ED0}"
EndProject
Global
	GlobalSection(SolutionConfigurationPlatforms) = preSolution
		Debug|Any CPU = Debug|Any CPU
		Release|Any CPU = Release|Any CPU
	EndGlobalSection
	GlobalSection(ProjectConfigurationPlatforms) = postSolution
		{57D37BE8-CEFF-4F89-B49A-0EB7B06E0ED0}.Debug|Any CPU.ActiveCfg = Debug|Any CPU
		{57D37BE8-CEFF-4F89-B49A-0EB7B06E0ED0}.Debug|Any CPU.Build.0 = Debug|Any CPU
		{57D37BE8-CEFF-4F89-B49A-0EB7B06E0ED0}.Release|Any CPU.ActiveCfg = Release|Any CPU
		{57D37BE8-CEFF-4F89-B49A-0EB7B06E0ED0}.Release|Any CPU.Build.0 = Release|Any CPU
	EndGlobalSection
	GlobalSection(SolutionProperties) = preSolution
		HideSolutionNode = FALSE
	EndGlobalSection
	GlobalSection(ExtensibilityGlobals) = postSolution
		SolutionGuid = {887B41E1-554A-4353-803F-0410A8EDDA8D}
	EndGlobalSection
EndGlobal
