
Microsoft Visual Studio Solution File, Format Version 12.00
# Visual Studio Version 16
VisualStudioVersion = 16.0.29102.190
MinimumVisualStudioVersion = 10.0.40219.1
Project("{FAE04EC0-301F-11D3-BF4B-00C04F79EFBC}") = "collision-dectection", "collision-dectection\collision-dectection.csproj", "{EFAE9827-CAD2-4C42-BC3A-DAFCE4A3A8EE}"
EndProject
Global
	GlobalSection(SolutionConfigurationPlatforms) = preSolution
		Debug|Any CPU = Debug|Any CPU
		Release|Any CPU = Release|Any CPU
	EndGlobalSection
	GlobalSection(ProjectConfigurationPlatforms) = postSolution
		{EFAE9827-CAD2-4C42-BC3A-DAFCE4A3A8EE}.Debug|Any CPU.ActiveCfg = Debug|Any CPU
		{EFAE9827-CAD2-4C42-BC3A-DAFCE4A3A8EE}.Debug|Any CPU.Build.0 = Debug|Any CPU
		{EFAE9827-CAD2-4C42-BC3A-DAFCE4A3A8EE}.Release|Any CPU.ActiveCfg = Release|Any CPU
		{EFAE9827-CAD2-4C42-BC3A-DAFCE4A3A8EE}.Release|Any CPU.Build.0 = Release|Any CPU
	EndGlobalSection
	GlobalSection(SolutionProperties) = preSolution
		HideSolutionNode = FALSE
	EndGlobalSection
	GlobalSection(ExtensibilityGlobals) = postSolution
		SolutionGuid = {4726DBA1-E6F3-4B24-927E-794925ABADAB}
	EndGlobalSection
EndGlobal
